
Microsoft Visual Studio Solution File, Format Version 12.00
# Visual Studio Version 17
VisualStudioVersion = 17.5.002.0
MinimumVisualStudioVersion = 10.0.40219.1
Project("{9A19103F-16F7-4668-BE54-9A1E7A4F7556}") = "pet911-backend", "pet911-backend.csproj", "{DD3CFBCB-9C0C-46FC-AA66-155028D94AE5}"
EndProject
Global
	GlobalSection(SolutionConfigurationPlatforms) = preSolution
		Debug|Any CPU = Debug|Any CPU
		Release|Any CPU = Release|Any CPU
	EndGlobalSection
	GlobalSection(ProjectConfigurationPlatforms) = postSolution
		{DD3CFBCB-9C0C-46FC-AA66-155028D94AE5}.Debug|Any CPU.ActiveCfg = Debug|Any CPU
		{DD3CFBCB-9C0C-46FC-AA66-155028D94AE5}.Debug|Any CPU.Build.0 = Debug|Any CPU
		{DD3CFBCB-9C0C-46FC-AA66-155028D94AE5}.Release|Any CPU.ActiveCfg = Release|Any CPU
		{DD3CFBCB-9C0C-46FC-AA66-155028D94AE5}.Release|Any CPU.Build.0 = Release|Any CPU
	EndGlobalSection
	GlobalSection(SolutionProperties) = preSolution
		HideSolutionNode = FALSE
	EndGlobalSection
	GlobalSection(ExtensibilityGlobals) = postSolution
		SolutionGuid = {EBA17471-C195-4B98-9864-DEAA0AAD8881}
	EndGlobalSection
EndGlobal
